
Microsoft Visual Studio Solution File, Format Version 12.00
# Visual Studio Version 17
VisualStudioVersion = 17.3.32929.385
MinimumVisualStudioVersion = 10.0.40219.1
Project("{FAE04EC0-301F-11D3-BF4B-00C04F79EFBC}") = "Bookify.Web", "Bookify.Web\Bookify.Web.csproj", "{11FCC7C6-A85F-4A4B-A87E-6A608509466E}"
EndProject
Global
	GlobalSection(SolutionConfigurationPlatforms) = preSolution
		Debug|Any CPU = Debug|Any CPU
		Release|Any CPU = Release|Any CPU
	EndGlobalSection
	GlobalSection(ProjectConfigurationPlatforms) = postSolution
		{11FCC7C6-A85F-4A4B-A87E-6A608509466E}.Debug|Any CPU.ActiveCfg = Debug|Any CPU
		{11FCC7C6-A85F-4A4B-A87E-6A608509466E}.Debug|Any CPU.Build.0 = Debug|Any CPU
		{11FCC7C6-A85F-4A4B-A87E-6A608509466E}.Release|Any CPU.ActiveCfg = Release|Any CPU
		{11FCC7C6-A85F-4A4B-A87E-6A608509466E}.Release|Any CPU.Build.0 = Release|Any CPU
	EndGlobalSection
	GlobalSection(SolutionProperties) = preSolution
		HideSolutionNode = FALSE
	EndGlobalSection
	GlobalSection(ExtensibilityGlobals) = postSolution
		SolutionGuid = {B7F5F0DC-8C17-4F01-994F-5CE80D6A2A74}
	EndGlobalSection
EndGlobal
